
Microsoft Visual Studio Solution File, Format Version 12.00
# Visual Studio Version 17
VisualStudioVersion = 17.8.34511.84
MinimumVisualStudioVersion = 10.0.40219.1
Project("{9A19103F-16F7-4668-BE54-9A1E7A4F7556}") = "Axpo.Challenge.FullStack", "Axpo.Challenge.FullStack\Axpo.Challenge.FullStack.csproj", "{D1804B3E-E036-496E-8E26-D01F3C357A32}"
EndProject
Global
	GlobalSection(SolutionConfigurationPlatforms) = preSolution
		Debug|Any CPU = Debug|Any CPU
		Release|Any CPU = Release|Any CPU
	EndGlobalSection
	GlobalSection(ProjectConfigurationPlatforms) = postSolution
		{D1804B3E-E036-496E-8E26-D01F3C357A32}.Debug|Any CPU.ActiveCfg = Debug|Any CPU
		{D1804B3E-E036-496E-8E26-D01F3C357A32}.Debug|Any CPU.Build.0 = Debug|Any CPU
		{D1804B3E-E036-496E-8E26-D01F3C357A32}.Release|Any CPU.ActiveCfg = Release|Any CPU
		{D1804B3E-E036-496E-8E26-D01F3C357A32}.Release|Any CPU.Build.0 = Release|Any CPU
	EndGlobalSection
	GlobalSection(SolutionProperties) = preSolution
		HideSolutionNode = FALSE
	EndGlobalSection
	GlobalSection(ExtensibilityGlobals) = postSolution
		SolutionGuid = {527B6FF8-5640-4E75-B6B6-92325C179CBD}
	EndGlobalSection
EndGlobal
